
Microsoft Visual Studio Solution File, Format Version 12.00
# Visual Studio Version 17
VisualStudioVersion = 17.2.32616.157
MinimumVisualStudioVersion = 10.0.40219.1
Project("{2150E333-8FDC-42A3-9474-1A3956D46DE8}") = "src", "src", "{C9872707-3393-4EC6-902C-0FC4BC6D8775}"
EndProject
Project("{2150E333-8FDC-42A3-9474-1A3956D46DE8}") = "service", "service", "{9800447B-353A-4543-B1A9-CBE8EFC75921}"
EndProject
Project("{9A19103F-16F7-4668-BE54-9A1E7A4F7556}") = "EventCatalogAPI", "ProductCatalogAPI\EventCatalogAPI.csproj", "{4A35C1A7-6007-43AE-BC32-85C3E63717EB}"
EndProject
Project("{E53339B2-1760-4266-BCC7-CA923CBCF16C}") = "docker-compose", "docker-compose.dcproj", "{3CD991D0-F2D2-4431-A719-FD77BA86E206}"
EndProject
Project("{2150E333-8FDC-42A3-9474-1A3956D46DE8}") = "web", "web", "{D7E40F89-CCCE-4D89-B3BB-518C28949BC6}"
EndProject
Project("{9A19103F-16F7-4668-BE54-9A1E7A4F7556}") = "WebMvc", "WebMvc\WebMvc.csproj", "{D2773157-92A5-4B83-8B06-C7C600FCB667}"
EndProject
Project("{9A19103F-16F7-4668-BE54-9A1E7A4F7556}") = "TokenServiceAPI", "TokenServiceAPI\TokenServiceAPI.csproj", "{67CF4C0E-B5B0-4BC2-BCA6-3A510A7EAD69}"
EndProject
Project("{9A19103F-16F7-4668-BE54-9A1E7A4F7556}") = "CartAPI", "CartAPI\CartAPI.csproj", "{C7A569DE-06C6-40B9-925D-53744C50D306}"
EndProject
Project("{FAE04EC0-301F-11D3-BF4B-00C04F79EFBC}") = "OrderApi", "OrderApi\OrderApi.csproj", "{DCEF9B62-D410-4D54-A3E6-DCB7D9470D1F}"
EndProject
Global
	GlobalSection(SolutionConfigurationPlatforms) = preSolution
		Debug|Any CPU = Debug|Any CPU
		Release|Any CPU = Release|Any CPU
	EndGlobalSection
	GlobalSection(ProjectConfigurationPlatforms) = postSolution
		{4A35C1A7-6007-43AE-BC32-85C3E63717EB}.Debug|Any CPU.ActiveCfg = Debug|Any CPU
		{4A35C1A7-6007-43AE-BC32-85C3E63717EB}.Debug|Any CPU.Build.0 = Debug|Any CPU
		{4A35C1A7-6007-43AE-BC32-85C3E63717EB}.Release|Any CPU.ActiveCfg = Release|Any CPU
		{4A35C1A7-6007-43AE-BC32-85C3E63717EB}.Release|Any CPU.Build.0 = Release|Any CPU
		{3CD991D0-F2D2-4431-A719-FD77BA86E206}.Debug|Any CPU.ActiveCfg = Debug|Any CPU
		{3CD991D0-F2D2-4431-A719-FD77BA86E206}.Debug|Any CPU.Build.0 = Debug|Any CPU
		{3CD991D0-F2D2-4431-A719-FD77BA86E206}.Release|Any CPU.ActiveCfg = Release|Any CPU
		{3CD991D0-F2D2-4431-A719-FD77BA86E206}.Release|Any CPU.Build.0 = Release|Any CPU
		{D2773157-92A5-4B83-8B06-C7C600FCB667}.Debug|Any CPU.ActiveCfg = Debug|Any CPU
		{D2773157-92A5-4B83-8B06-C7C600FCB667}.Debug|Any CPU.Build.0 = Debug|Any CPU
		{D2773157-92A5-4B83-8B06-C7C600FCB667}.Release|Any CPU.ActiveCfg = Release|Any CPU
		{D2773157-92A5-4B83-8B06-C7C600FCB667}.Release|Any CPU.Build.0 = Release|Any CPU
		{67CF4C0E-B5B0-4BC2-BCA6-3A510A7EAD69}.Debug|Any CPU.ActiveCfg = Debug|Any CPU
		{67CF4C0E-B5B0-4BC2-BCA6-3A510A7EAD69}.Debug|Any CPU.Build.0 = Debug|Any CPU
		{67CF4C0E-B5B0-4BC2-BCA6-3A510A7EAD69}.Release|Any CPU.ActiveCfg = Release|Any CPU
		{67CF4C0E-B5B0-4BC2-BCA6-3A510A7EAD69}.Release|Any CPU.Build.0 = Release|Any CPU
		{C7A569DE-06C6-40B9-925D-53744C50D306}.Debug|Any CPU.ActiveCfg = Debug|Any CPU
		{C7A569DE-06C6-40B9-925D-53744C50D306}.Debug|Any CPU.Build.0 = Debug|Any CPU
		{C7A569DE-06C6-40B9-925D-53744C50D306}.Release|Any CPU.ActiveCfg = Release|Any CPU
		{C7A569DE-06C6-40B9-925D-53744C50D306}.Release|Any CPU.Build.0 = Release|Any CPU
		{DCEF9B62-D410-4D54-A3E6-DCB7D9470D1F}.Debug|Any CPU.ActiveCfg = Debug|Any CPU
		{DCEF9B62-D410-4D54-A3E6-DCB7D9470D1F}.Debug|Any CPU.Build.0 = Debug|Any CPU
		{DCEF9B62-D410-4D54-A3E6-DCB7D9470D1F}.Release|Any CPU.ActiveCfg = Release|Any CPU
		{DCEF9B62-D410-4D54-A3E6-DCB7D9470D1F}.Release|Any CPU.Build.0 = Release|Any CPU
	EndGlobalSection
	GlobalSection(SolutionProperties) = preSolution
		HideSolutionNode = FALSE
	EndGlobalSection
	GlobalSection(NestedProjects) = preSolution
		{9800447B-353A-4543-B1A9-CBE8EFC75921} = {C9872707-3393-4EC6-902C-0FC4BC6D8775}
		{4A35C1A7-6007-43AE-BC32-85C3E63717EB} = {9800447B-353A-4543-B1A9-CBE8EFC75921}
		{D7E40F89-CCCE-4D89-B3BB-518C28949BC6} = {C9872707-3393-4EC6-902C-0FC4BC6D8775}
		{D2773157-92A5-4B83-8B06-C7C600FCB667} = {D7E40F89-CCCE-4D89-B3BB-518C28949BC6}
		{67CF4C0E-B5B0-4BC2-BCA6-3A510A7EAD69} = {9800447B-353A-4543-B1A9-CBE8EFC75921}
		{C7A569DE-06C6-40B9-925D-53744C50D306} = {9800447B-353A-4543-B1A9-CBE8EFC75921}
		{DCEF9B62-D410-4D54-A3E6-DCB7D9470D1F} = {9800447B-353A-4543-B1A9-CBE8EFC75921}
	EndGlobalSection
	GlobalSection(ExtensibilityGlobals) = postSolution
		SolutionGuid = {B6B86C83-994C-42C2-A206-F50F7124E530}
	EndGlobalSection
EndGlobal
